{
  "name": "drive-semantic-embed-worker",
  "lockfileVersion": 3,
  "requires": true,
  "packages": {
    "": {
      "name": "drive-semantic-embed-worker",
      "devDependencies": {
        "wrangler": "4.149.0"
      }
    },
    "node_modules/miniflare": {
      "version": "5.20261006.1-alpha",
      "resolved": "https://registry.npmjs.org/miniflare/-/miniflare-5.20261006.1-alpha.tgz",
      "integrity": "sha512-6ylv8tamkrspDI2R/cAYfv+YWmfGNdXe76Pi9TauEUWsFVXn3LNF9Yk8oduzf1a+TYsSRYTqlOE7+nGGRsMHdw==",
      "dev": true,
      "dependencies": {
        "sharp": "0.35.5"
      }
    },
    "node_modules/sharp": {
      "version": "0.35.5",
      "resolved": "https://registry.npmjs.org/sharp/-/sharp-0.35.5.tgz",
      "integrity": "sha512-Ywn4OnzGukp7CDMrp08RQ50YKmuwG47brZgIVPTvBaaAfQlRlygrRqSrxdCiL9M+LlzLBiJ68IR1QqvzHyjC7g==",
      "dev": true
    },
    "node_modules/wrangler": {
      "version": "4.149.0",
      "resolved": "https://registry.npmjs.org/wrangler/-/wrangler-4.149.0.tgz",
      "integrity": "sha512-OzK7xmB5r5iLKb3cIT3783g13fe6T7xyeKu9LEdUyl+DKAM2KP/jkjnE0OUhyw+mB/XJM9ycjgF3MWm8PR9amg==",
      "dev": true,
      "dependencies": {
        "miniflare": "5.20261006.1-alpha"
      }
    }
  }
}
